
Microsoft Visual Studio Solution File, Format Version 12.00
# Visual Studio Version 16
VisualStudioVersion = 16.0.30002.166
MinimumVisualStudioVersion = 10.0.40219.1
Project("{9A19103F-16F7-4668-BE54-9A1E7A4F7556}") = "ProjetoTeste", "ProjetoTeste\ProjetoTeste.csproj", "{5BB93B0F-286B-4257-96D6-E5586F704012}"
EndProject
Project("{00D1A9C2-B5F0-4AF3-8072-F6C62B433612}") = "Data", "Data\Data.sqlproj", "{B17B7957-7012-4D74-8190-241DE8F20088}"
EndProject
Global
	GlobalSection(SolutionConfigurationPlatforms) = preSolution
		Debug|Any CPU = Debug|Any CPU
		Release|Any CPU = Release|Any CPU
	EndGlobalSection
	GlobalSection(ProjectConfigurationPlatforms) = postSolution
		{5BB93B0F-286B-4257-96D6-E5586F704012}.Debug|Any CPU.ActiveCfg = Debug|Any CPU
		{5BB93B0F-286B-4257-96D6-E5586F704012}.Debug|Any CPU.Build.0 = Debug|Any CPU
		{5BB93B0F-286B-4257-96D6-E5586F704012}.Release|Any CPU.ActiveCfg = Release|Any CPU
		{5BB93B0F-286B-4257-96D6-E5586F704012}.Release|Any CPU.Build.0 = Release|Any CPU
		{B17B7957-7012-4D74-8190-241DE8F20088}.Debug|Any CPU.ActiveCfg = Debug|Any CPU
		{B17B7957-7012-4D74-8190-241DE8F20088}.Debug|Any CPU.Build.0 = Debug|Any CPU
		{B17B7957-7012-4D74-8190-241DE8F20088}.Debug|Any CPU.Deploy.0 = Debug|Any CPU
		{B17B7957-7012-4D74-8190-241DE8F20088}.Release|Any CPU.ActiveCfg = Release|Any CPU
		{B17B7957-7012-4D74-8190-241DE8F20088}.Release|Any CPU.Build.0 = Release|Any CPU
		{B17B7957-7012-4D74-8190-241DE8F20088}.Release|Any CPU.Deploy.0 = Release|Any CPU
	EndGlobalSection
	GlobalSection(SolutionProperties) = preSolution
		HideSolutionNode = FALSE
	EndGlobalSection
	GlobalSection(ExtensibilityGlobals) = postSolution
		SolutionGuid = {8696DFA4-894A-4152-BC88-6A6AB36E50EA}
	EndGlobalSection
EndGlobal
